{
  "requires": true,
  "lockfileVersion": 1,
  "dependencies": {
    "highlight.js": {
      "version": "9.15.10",
      "resolved": "https://registry.npmjs.org/highlight.js/-/highlight.js-9.15.10.tgz",
      "integrity": "sha512-RoV7OkQm0T3os3Dd2VHLNMoaoDVx77Wygln3n9l5YV172XonWG6rgQD3XnF/BuFFZw9A0TJgmMSO8FEWQgvcXw=="
    }
  }
}
